
Microsoft Visual Studio Solution File, Format Version 12.00
# Visual Studio 15
VisualStudioVersion = 15.0.28010.2019
MinimumVisualStudioVersion = 10.0.40219.1
Project("{9A19103F-16F7-4668-BE54-9A1E7A4F7556}") = "LibraryManagement", "LibraryManagement\LibraryManagement.csproj", "{70E8A6E0-238F-42B8-93FE-4F6A3AC1FBB3}"
EndProject
Global
	GlobalSection(SolutionConfigurationPlatforms) = preSolution
		Debug|Any CPU = Debug|Any CPU
		Release|Any CPU = Release|Any CPU
	EndGlobalSection
	GlobalSection(ProjectConfigurationPlatforms) = postSolution
		{70E8A6E0-238F-42B8-93FE-4F6A3AC1FBB3}.Debug|Any CPU.ActiveCfg = Debug|Any CPU
		{70E8A6E0-238F-42B8-93FE-4F6A3AC1FBB3}.Debug|Any CPU.Build.0 = Debug|Any CPU
		{70E8A6E0-238F-42B8-93FE-4F6A3AC1FBB3}.Release|Any CPU.ActiveCfg = Release|Any CPU
		{70E8A6E0-238F-42B8-93FE-4F6A3AC1FBB3}.Release|Any CPU.Build.0 = Release|Any CPU
	EndGlobalSection
	GlobalSection(SolutionProperties) = preSolution
		HideSolutionNode = FALSE
	EndGlobalSection
	GlobalSection(ExtensibilityGlobals) = postSolution
		SolutionGuid = {BDBFAE6A-DB33-45F8-9BBA-FDBD3E1ACBC0}
	EndGlobalSection
EndGlobal
